<?xml version="1.0" encoding="UTF-8" standalone="yes" ?>
<CodeBlocks_project_file>
	<FileVersion major="1" minor="6" />
	<Project>
		<Option title="TO_DO_LIST" />
		<Option pch_mode="2" />
		<Option compiler="gcc" />
		<Build>
			<Target title="Debug">
				<Option output="bin/Debug/TO_DO_LIST" prefix_auto="1" extension_auto="1" />
				<Option object_output="obj/Debug/" />
				<Option type="1" />
				<Option compiler="gcc" />
				<Compiler>
					<Add option="-g" />
				</Compiler>
			</Target>
			<Target title="Release">
				<Option output="bin/Release/TO_DO_LIST" prefix_auto="1" extension_auto="1" />
				<Option object_output="obj/Release/" />
				<Option type="1" />
				<Option compiler="gcc" />
				<Compiler>
					<Add option="-O2" />
				</Compiler>
				<Linker>
					<Add option="-s" />
					<Add option="-static" />
				</Linker>
			</Target>
		</Build>
		<Compiler>
			<Add option="-Wall" />
			<Add option="-fexceptions" />
			<Add option="-static" />
		</Compiler>
		<Unit filename="Add_Note.cpp" />
		<Unit filename="Add_Note.h" />
		<Unit filename="Delete_Note.cpp" />
		<Unit filename="Delete_Note.h" />
		<Unit filename="Display_Note.cpp" />
		<Unit filename="Display_Note.h" />
		<Unit filename="Edit_Note.cpp" />
		<Unit filename="Edit_Note.h" />
		<Unit filename="main.cpp" />
		<Unit filename="properties.cpp" />
		<Unit filename="properties.h" />
		<Extensions>
			<lib_finder disable_auto="1" />
		</Extensions>
	</Project>
</CodeBlocks_project_file>
